
Microsoft Visual Studio Solution File, Format Version 12.00
# Visual Studio Version 17
VisualStudioVersion = 17.8.34511.84
MinimumVisualStudioVersion = 10.0.40219.1
Project("{FAE04EC0-301F-11D3-BF4B-00C04F79EFBC}") = "Atividades", "Atividades\Atividades.csproj", "{61BCEA15-3E0E-4EA2-86E4-7929AE89F2BA}"
EndProject
Global
	GlobalSection(SolutionConfigurationPlatforms) = preSolution
		Debug|Any CPU = Debug|Any CPU
		Release|Any CPU = Release|Any CPU
	EndGlobalSection
	GlobalSection(ProjectConfigurationPlatforms) = postSolution
		{61BCEA15-3E0E-4EA2-86E4-7929AE89F2BA}.Debug|Any CPU.ActiveCfg = Debug|Any CPU
		{61BCEA15-3E0E-4EA2-86E4-7929AE89F2BA}.Debug|Any CPU.Build.0 = Debug|Any CPU
		{61BCEA15-3E0E-4EA2-86E4-7929AE89F2BA}.Release|Any CPU.ActiveCfg = Release|Any CPU
		{61BCEA15-3E0E-4EA2-86E4-7929AE89F2BA}.Release|Any CPU.Build.0 = Release|Any CPU
	EndGlobalSection
	GlobalSection(SolutionProperties) = preSolution
		HideSolutionNode = FALSE
	EndGlobalSection
	GlobalSection(ExtensibilityGlobals) = postSolution
		SolutionGuid = {2F108EB1-E670-47A9-B6EC-4463CEAF3FF4}
	EndGlobalSection
EndGlobal
