
Microsoft Visual Studio Solution File, Format Version 12.00
# Visual Studio Version 17
VisualStudioVersion = 17.8.34511.84
MinimumVisualStudioVersion = 10.0.40219.1
Project("{FAE04EC0-301F-11D3-BF4B-00C04F79EFBC}") = "Atividade1", "Atividade1\Atividade1.csproj", "{E135DE0A-816A-46AF-B0AF-B0F5CFA68EBF}"
EndProject
Global
	GlobalSection(SolutionConfigurationPlatforms) = preSolution
		Debug|Any CPU = Debug|Any CPU
		Release|Any CPU = Release|Any CPU
	EndGlobalSection
	GlobalSection(ProjectConfigurationPlatforms) = postSolution
		{E135DE0A-816A-46AF-B0AF-B0F5CFA68EBF}.Debug|Any CPU.ActiveCfg = Debug|Any CPU
		{E135DE0A-816A-46AF-B0AF-B0F5CFA68EBF}.Debug|Any CPU.Build.0 = Debug|Any CPU
		{E135DE0A-816A-46AF-B0AF-B0F5CFA68EBF}.Release|Any CPU.ActiveCfg = Release|Any CPU
		{E135DE0A-816A-46AF-B0AF-B0F5CFA68EBF}.Release|Any CPU.Build.0 = Release|Any CPU
	EndGlobalSection
	GlobalSection(SolutionProperties) = preSolution
		HideSolutionNode = FALSE
	EndGlobalSection
	GlobalSection(ExtensibilityGlobals) = postSolution
		SolutionGuid = {642C814C-9D57-4147-8120-6C9CE97D8011}
	EndGlobalSection
EndGlobal
